
Microsoft Visual Studio Solution File, Format Version 12.00
# Visual Studio 15
VisualStudioVersion = 15.0.26403.3
MinimumVisualStudioVersion = 10.0.40219.1
Project("{FAE04EC0-301F-11D3-BF4B-00C04F79EFBC}") = "Farmhash.Sharp", "Farmhash.Sharp\Farmhash.Sharp.csproj", "{3265152A-A188-40BE-AE45-484ED24CEE83}"
EndProject
Project("{FAE04EC0-301F-11D3-BF4B-00C04F79EFBC}") = "Farmhash.Sharp.Tests", "Farmhash.Sharp.Tests\Farmhash.Sharp.Tests.csproj", "{7D129037-1FA4-4DEB-9BB1-9055A3764031}"
EndProject
Project("{FAE04EC0-301F-11D3-BF4B-00C04F79EFBC}") = "Farmhash.Sharp.Benchmarks", "Farmhash.Sharp.Benchmarks\Farmhash.Sharp.Benchmarks.csproj", "{71C236AB-6481-4CC6-BB9A-276B9A2B2682}"
EndProject
Project("{FAE04EC0-301F-11D3-BF4B-00C04F79EFBC}") = "Classic", "Classic\Classic.csproj", "{5F2805A3-5E87-4B83-A1F9-A6A557574337}"
EndProject
Project("{9A19103F-16F7-4668-BE54-9A1E7A4F7556}") = "Farmhash.Sharp.Safe", "Farmhash.Sharp.Safe\Farmhash.Sharp.Safe.csproj", "{81AE9510-1147-4060-B0EB-7F5B2AD272FF}"
EndProject
Global
	GlobalSection(SolutionConfigurationPlatforms) = preSolution
		Debug|Any CPU = Debug|Any CPU
		Release|Any CPU = Release|Any CPU
	EndGlobalSection
	GlobalSection(ProjectConfigurationPlatforms) = postSolution
		{3265152A-A188-40BE-AE45-484ED24CEE83}.Debug|Any CPU.ActiveCfg = Debug|Any CPU
		{3265152A-A188-40BE-AE45-484ED24CEE83}.Debug|Any CPU.Build.0 = Debug|Any CPU
		{3265152A-A188-40BE-AE45-484ED24CEE83}.Release|Any CPU.ActiveCfg = Release|Any CPU
		{3265152A-A188-40BE-AE45-484ED24CEE83}.Release|Any CPU.Build.0 = Release|Any CPU
		{7D129037-1FA4-4DEB-9BB1-9055A3764031}.Debug|Any CPU.ActiveCfg = Debug|Any CPU
		{7D129037-1FA4-4DEB-9BB1-9055A3764031}.Debug|Any CPU.Build.0 = Debug|Any CPU
		{7D129037-1FA4-4DEB-9BB1-9055A3764031}.Release|Any CPU.ActiveCfg = Release|Any CPU
		{7D129037-1FA4-4DEB-9BB1-9055A3764031}.Release|Any CPU.Build.0 = Release|Any CPU
		{71C236AB-6481-4CC6-BB9A-276B9A2B2682}.Debug|Any CPU.ActiveCfg = Debug|Any CPU
		{71C236AB-6481-4CC6-BB9A-276B9A2B2682}.Debug|Any CPU.Build.0 = Debug|Any CPU
		{71C236AB-6481-4CC6-BB9A-276B9A2B2682}.Release|Any CPU.ActiveCfg = Release|Any CPU
		{71C236AB-6481-4CC6-BB9A-276B9A2B2682}.Release|Any CPU.Build.0 = Release|Any CPU
		{5F2805A3-5E87-4B83-A1F9-A6A557574337}.Debug|Any CPU.ActiveCfg = Debug|Any CPU
		{5F2805A3-5E87-4B83-A1F9-A6A557574337}.Release|Any CPU.ActiveCfg = Release|Any CPU
		{81AE9510-1147-4060-B0EB-7F5B2AD272FF}.Debug|Any CPU.ActiveCfg = Debug|Any CPU
		{81AE9510-1147-4060-B0EB-7F5B2AD272FF}.Debug|Any CPU.Build.0 = Debug|Any CPU
		{81AE9510-1147-4060-B0EB-7F5B2AD272FF}.Release|Any CPU.ActiveCfg = Release|Any CPU
		{81AE9510-1147-4060-B0EB-7F5B2AD272FF}.Release|Any CPU.Build.0 = Release|Any CPU
	EndGlobalSection
	GlobalSection(SolutionProperties) = preSolution
		HideSolutionNode = FALSE
	EndGlobalSection
EndGlobal
